
Microsoft Visual Studio Solution File, Format Version 12.00
# Visual Studio Version 17
VisualStudioVersion = 17.4.33122.133
MinimumVisualStudioVersion = 10.0.40219.1
Project("{FAE04EC0-301F-11D3-BF4B-00C04F79EFBC}") = "Assignment 7", "Assignment 7\Assignment 7.csproj", "{600E1547-1DA1-4B3A-863C-283D2D3BEDE0}"
EndProject
Global
	GlobalSection(SolutionConfigurationPlatforms) = preSolution
		Debug|Any CPU = Debug|Any CPU
		Release|Any CPU = Release|Any CPU
	EndGlobalSection
	GlobalSection(ProjectConfigurationPlatforms) = postSolution
		{600E1547-1DA1-4B3A-863C-283D2D3BEDE0}.Debug|Any CPU.ActiveCfg = Debug|Any CPU
		{600E1547-1DA1-4B3A-863C-283D2D3BEDE0}.Debug|Any CPU.Build.0 = Debug|Any CPU
		{600E1547-1DA1-4B3A-863C-283D2D3BEDE0}.Release|Any CPU.ActiveCfg = Release|Any CPU
		{600E1547-1DA1-4B3A-863C-283D2D3BEDE0}.Release|Any CPU.Build.0 = Release|Any CPU
	EndGlobalSection
	GlobalSection(SolutionProperties) = preSolution
		HideSolutionNode = FALSE
	EndGlobalSection
	GlobalSection(ExtensibilityGlobals) = postSolution
		SolutionGuid = {0FD38A45-5673-42FE-AA26-F3D2A0B9D716}
	EndGlobalSection
EndGlobal
