
Microsoft Visual Studio Solution File, Format Version 12.00
# Visual Studio Version 17
VisualStudioVersion = 17.3.32929.385
MinimumVisualStudioVersion = 10.0.40219.1
Project("{FAE04EC0-301F-11D3-BF4B-00C04F79EFBC}") = "Assignment_A_B", "Assignment_A_B\Assignment_A_B.csproj", "{C678DF5B-5C29-4798-A222-EFDFE4AD7601}"
EndProject
Global
	GlobalSection(SolutionConfigurationPlatforms) = preSolution
		Debug|Any CPU = Debug|Any CPU
		Release|Any CPU = Release|Any CPU
	EndGlobalSection
	GlobalSection(ProjectConfigurationPlatforms) = postSolution
		{C678DF5B-5C29-4798-A222-EFDFE4AD7601}.Debug|Any CPU.ActiveCfg = Debug|Any CPU
		{C678DF5B-5C29-4798-A222-EFDFE4AD7601}.Debug|Any CPU.Build.0 = Debug|Any CPU
		{C678DF5B-5C29-4798-A222-EFDFE4AD7601}.Release|Any CPU.ActiveCfg = Release|Any CPU
		{C678DF5B-5C29-4798-A222-EFDFE4AD7601}.Release|Any CPU.Build.0 = Release|Any CPU
	EndGlobalSection
	GlobalSection(SolutionProperties) = preSolution
		HideSolutionNode = FALSE
	EndGlobalSection
	GlobalSection(ExtensibilityGlobals) = postSolution
		SolutionGuid = {A5A8BCD9-76C7-4FBF-ADC7-585EB1CA4528}
	EndGlobalSection
EndGlobal
