
Microsoft Visual Studio Solution File, Format Version 12.00
# Visual Studio Version 17
VisualStudioVersion = 17.4.33122.133
MinimumVisualStudioVersion = 10.0.40219.1
Project("{FAE04EC0-301F-11D3-BF4B-00C04F79EFBC}") = "Assignment5", "Assignment5\Assignment5.csproj", "{88473EDD-C269-4E26-93EA-AAA38DAF55BF}"
EndProject
Global
	GlobalSection(SolutionConfigurationPlatforms) = preSolution
		Debug|Any CPU = Debug|Any CPU
		Release|Any CPU = Release|Any CPU
	EndGlobalSection
	GlobalSection(ProjectConfigurationPlatforms) = postSolution
		{88473EDD-C269-4E26-93EA-AAA38DAF55BF}.Debug|Any CPU.ActiveCfg = Debug|Any CPU
		{88473EDD-C269-4E26-93EA-AAA38DAF55BF}.Debug|Any CPU.Build.0 = Debug|Any CPU
		{88473EDD-C269-4E26-93EA-AAA38DAF55BF}.Release|Any CPU.ActiveCfg = Release|Any CPU
		{88473EDD-C269-4E26-93EA-AAA38DAF55BF}.Release|Any CPU.Build.0 = Release|Any CPU
	EndGlobalSection
	GlobalSection(SolutionProperties) = preSolution
		HideSolutionNode = FALSE
	EndGlobalSection
	GlobalSection(ExtensibilityGlobals) = postSolution
		SolutionGuid = {1CBCA888-AF9F-496B-B862-17DF418245B5}
	EndGlobalSection
EndGlobal
