
Microsoft Visual Studio Solution File, Format Version 12.00
# Visual Studio Version 17
VisualStudioVersion = 17.4.33122.133
MinimumVisualStudioVersion = 10.0.40219.1
Project("{FAE04EC0-301F-11D3-BF4B-00C04F79EFBC}") = "Assignment6", "Assignment6\Assignment6.csproj", "{753A1074-6F7C-4AF0-83D5-D47223FF46FB}"
EndProject
Global
	GlobalSection(SolutionConfigurationPlatforms) = preSolution
		Debug|Any CPU = Debug|Any CPU
		Release|Any CPU = Release|Any CPU
	EndGlobalSection
	GlobalSection(ProjectConfigurationPlatforms) = postSolution
		{753A1074-6F7C-4AF0-83D5-D47223FF46FB}.Debug|Any CPU.ActiveCfg = Debug|Any CPU
		{753A1074-6F7C-4AF0-83D5-D47223FF46FB}.Debug|Any CPU.Build.0 = Debug|Any CPU
		{753A1074-6F7C-4AF0-83D5-D47223FF46FB}.Release|Any CPU.ActiveCfg = Release|Any CPU
		{753A1074-6F7C-4AF0-83D5-D47223FF46FB}.Release|Any CPU.Build.0 = Release|Any CPU
	EndGlobalSection
	GlobalSection(SolutionProperties) = preSolution
		HideSolutionNode = FALSE
	EndGlobalSection
	GlobalSection(ExtensibilityGlobals) = postSolution
		SolutionGuid = {87F02414-17A8-4599-A0B5-AD21055FE69A}
	EndGlobalSection
EndGlobal
